
Microsoft Visual Studio Solution File, Format Version 12.00
# Visual Studio 2015
Project("{FAE04EC0-301F-11D3-BF4B-00C04F79EFBC}") = "Can Knockout VR.CSharp", "Can Knockout VR.CSharp.csproj", "{5D58DFD4-F49B-3F69-15D2-E7B76A7B6C2F}"
EndProject
Project("{FAE04EC0-301F-11D3-BF4B-00C04F79EFBC}") = "Can Knockout VR.CSharp.Editor", "Can Knockout VR.CSharp.Editor.csproj", "{57434CA7-6F11-53EF-1954-F710AE541267}"
EndProject
Global
	GlobalSection(SolutionConfigurationPlatforms) = preSolution
		Debug|Any CPU = Debug|Any CPU
		Release|Any CPU = Release|Any CPU
	EndGlobalSection
	GlobalSection(ProjectConfigurationPlatforms) = postSolution
		{5D58DFD4-F49B-3F69-15D2-E7B76A7B6C2F}.Debug|Any CPU.ActiveCfg = Debug|Any CPU
		{5D58DFD4-F49B-3F69-15D2-E7B76A7B6C2F}.Debug|Any CPU.Build.0 = Debug|Any CPU
		{5D58DFD4-F49B-3F69-15D2-E7B76A7B6C2F}.Release|Any CPU.ActiveCfg = Release|Any CPU
		{5D58DFD4-F49B-3F69-15D2-E7B76A7B6C2F}.Release|Any CPU.Build.0 = Release|Any CPU
		{57434CA7-6F11-53EF-1954-F710AE541267}.Debug|Any CPU.ActiveCfg = Debug|Any CPU
		{57434CA7-6F11-53EF-1954-F710AE541267}.Debug|Any CPU.Build.0 = Debug|Any CPU
		{57434CA7-6F11-53EF-1954-F710AE541267}.Release|Any CPU.ActiveCfg = Release|Any CPU
		{57434CA7-6F11-53EF-1954-F710AE541267}.Release|Any CPU.Build.0 = Release|Any CPU
	EndGlobalSection
	GlobalSection(SolutionProperties) = preSolution
		HideSolutionNode = FALSE
	EndGlobalSection
EndGlobal
